
Microsoft Visual Studio Solution File, Format Version 12.00
# Visual Studio Version 17
VisualStudioVersion = 17.5.33424.131
MinimumVisualStudioVersion = 10.0.40219.1
Project("{9A19103F-16F7-4668-BE54-9A1E7A4F7556}") = "FlashCardTailzor.Wasm", "Wasm\FlashCardTailzor.Wasm.csproj", "{9BD13A8E-B6FC-4BC4-8DC0-D0973E1ED82B}"
EndProject
Project("{FAE04EC0-301F-11D3-BF4B-00C04F79EFBC}") = "FlashCardTailzor.Data", "Data\FlashCardTailzor.Data.csproj", "{6ABC613C-645B-41B2-AF9E-85322A878C48}"
EndProject
Global
	GlobalSection(SolutionConfigurationPlatforms) = preSolution
		Debug|Any CPU = Debug|Any CPU
		Release|Any CPU = Release|Any CPU
	EndGlobalSection
	GlobalSection(ProjectConfigurationPlatforms) = postSolution
		{9BD13A8E-B6FC-4BC4-8DC0-D0973E1ED82B}.Debug|Any CPU.ActiveCfg = Debug|Any CPU
		{9BD13A8E-B6FC-4BC4-8DC0-D0973E1ED82B}.Debug|Any CPU.Build.0 = Debug|Any CPU
		{9BD13A8E-B6FC-4BC4-8DC0-D0973E1ED82B}.Release|Any CPU.ActiveCfg = Release|Any CPU
		{9BD13A8E-B6FC-4BC4-8DC0-D0973E1ED82B}.Release|Any CPU.Build.0 = Release|Any CPU
		{6ABC613C-645B-41B2-AF9E-85322A878C48}.Debug|Any CPU.ActiveCfg = Debug|Any CPU
		{6ABC613C-645B-41B2-AF9E-85322A878C48}.Debug|Any CPU.Build.0 = Debug|Any CPU
		{6ABC613C-645B-41B2-AF9E-85322A878C48}.Release|Any CPU.ActiveCfg = Release|Any CPU
		{6ABC613C-645B-41B2-AF9E-85322A878C48}.Release|Any CPU.Build.0 = Release|Any CPU
	EndGlobalSection
	GlobalSection(SolutionProperties) = preSolution
		HideSolutionNode = FALSE
	EndGlobalSection
	GlobalSection(ExtensibilityGlobals) = postSolution
		SolutionGuid = {3457CF06-9F7C-4AA1-B686-B386BB200088}
	EndGlobalSection
EndGlobal
